// !$*UTF8*$!
{
	archiveVersion = 1;
	classes = {
	};
	objectVersion = 42;
	objects = {

/* Begin PBXAggregateTarget section */
		631417A30A203392007B9355 /* All */ = {
			isa = PBXAggregateTarget;
			buildConfigurationList = 631417CC0A203392007B9355 /* Build configuration list for PBXAggregateTarget "All" */;
			buildPhases = (
			);
			dependencies = (
				53DA28E60E13EC310036313A /* PBXTargetDependency */,
			);
			name = All;
			productName = "SC_Synth PlugIns";
		};
/* End PBXAggregateTarget section */

/* Begin PBXBuildFile section */
		53DA28EA0E13EC6E0036313A /* FM7.cpp in Sources */ = {isa = PBXBuildFile; fileRef = 53DA28E90E13EC6E0036313A /* FM7.cpp */; };
/* End PBXBuildFile section */

/* Begin PBXContainerItemProxy section */
		53DA28E50E13EC310036313A /* PBXContainerItemProxy */ = {
			isa = PBXContainerItemProxy;
			containerPortal = F50D04F702E68E8201CA2799 /* Project object */;
			proxyType = 1;
			remoteGlobalIDString = F3FE07270B0D759000A29459 /* FM7 */;
			remoteInfo = FM7;
		};
/* End PBXContainerItemProxy section */

/* Begin PBXFileReference section */
		53DA28E90E13EC6E0036313A /* FM7.cpp */ = {isa = PBXFileReference; fileEncoding = 30; lastKnownFileType = sourcecode.cpp.cpp; path = FM7.cpp; sourceTree = "<group>"; };
		F3FE07360B0D759000A29459 /* FM7.scx */ = {isa = PBXFileReference; explicitFileType = "compiled.mach-o.dylib"; includeInIndex = 0; path = FM7.scx; sourceTree = BUILT_PRODUCTS_DIR; };
/* End PBXFileReference section */

/* Begin PBXFrameworksBuildPhase section */
		F3FE072E0B0D759000A29459 /* Frameworks */ = {
			isa = PBXFrameworksBuildPhase;
			buildActionMask = 2147483647;
			files = (
			);
			runOnlyForDeploymentPostprocessing = 0;
		};
/* End PBXFrameworksBuildPhase section */

/* Begin PBXGroup section */
		F50D04F802E68E8201CA2799 = {
			isa = PBXGroup;
			children = (
				F50D057E02E69B6B01CA2799 /* src */,
				F50D060302E69C2101CA2799 /* Products */,
				F50D069402E6A1C601CA2799 /* Frameworks */,
				F50D069D02E6A1C601CA2799 /* Resources */,
			);
			sourceTree = "<group>";
		};
		F50D057E02E69B6B01CA2799 /* src */ = {
			isa = PBXGroup;
			children = (
				53DA28E90E13EC6E0036313A /* FM7.cpp */,
			);
			path = src;
			sourceTree = "<group>";
		};
		F50D060302E69C2101CA2799 /* Products */ = {
			isa = PBXGroup;
			children = (
				F3FE07360B0D759000A29459 /* FM7.scx */,
			);
			name = Products;
			sourceTree = "<group>";
		};
		F50D069402E6A1C601CA2799 /* Frameworks */ = {
			isa = PBXGroup;
			children = (
			);
			name = Frameworks;
			sourceTree = "<group>";
		};
		F50D069D02E6A1C601CA2799 /* Resources */ = {
			isa = PBXGroup;
			children = (
			);
			name = Resources;
			sourceTree = "<group>";
		};
/* End PBXGroup section */

/* Begin PBXHeadersBuildPhase section */
		F3FE07280B0D759000A29459 /* Headers */ = {
			isa = PBXHeadersBuildPhase;
			buildActionMask = 2147483647;
			files = (
			);
			runOnlyForDeploymentPostprocessing = 0;
		};
/* End PBXHeadersBuildPhase section */

/* Begin PBXNativeTarget section */
		F3FE07270B0D759000A29459 /* FM7 */ = {
			isa = PBXNativeTarget;
			buildConfigurationList = F3FE07320B0D759000A29459 /* Build configuration list for PBXNativeTarget "FM7" */;
			buildPhases = (
				F3FE07280B0D759000A29459 /* Headers */,
				F3FE072C0B0D759000A29459 /* Sources */,
				F3FE072E0B0D759000A29459 /* Frameworks */,
				F3FE07300B0D759000A29459 /* Rez */,
				F3FE07310B0D759000A29459 /* ShellScript */,
			);
			buildRules = (
			);
			dependencies = (
			);
			name = FM7;
			productInstallPath = /usr/local/lib;
			productName = BinaryOpUGens;
			productReference = F3FE07360B0D759000A29459 /* FM7.scx */;
			productType = "com.apple.product-type.library.dynamic";
		};
/* End PBXNativeTarget section */

/* Begin PBXProject section */
		F50D04F702E68E8201CA2799 /* Project object */ = {
			isa = PBXProject;
			buildConfigurationList = 88332412090ABD1F00A4A7E4 /* Build configuration list for PBXProject "skUG" */;
			hasScannedForEncodings = 1;
			mainGroup = F50D04F802E68E8201CA2799;
			productRefGroup = F50D060302E69C2101CA2799 /* Products */;
			projectDirPath = "";
			targets = (
				631417A30A203392007B9355 /* All */,
				F3FE07270B0D759000A29459 /* FM7 */,
			);
		};
/* End PBXProject section */

/* Begin PBXRezBuildPhase section */
		F3FE07300B0D759000A29459 /* Rez */ = {
			isa = PBXRezBuildPhase;
			buildActionMask = 2147483647;
			files = (
			);
			runOnlyForDeploymentPostprocessing = 0;
		};
/* End PBXRezBuildPhase section */

/* Begin PBXShellScriptBuildPhase section */
		F3FE07310B0D759000A29459 /* ShellScript */ = {
			isa = PBXShellScriptBuildPhase;
			buildActionMask = 2147483647;
			files = (
			);
			runOnlyForDeploymentPostprocessing = 0;
			shellPath = /bin/sh;
			shellScript = "cp \"$TARGET_BUILD_DIR/$PRODUCT_NAME\".scx \"skUG/$PRODUCT_NAME/\"";
		};
/* End PBXShellScriptBuildPhase section */

/* Begin PBXSourcesBuildPhase section */
		F3FE072C0B0D759000A29459 /* Sources */ = {
			isa = PBXSourcesBuildPhase;
			buildActionMask = 2147483647;
			files = (
				53DA28EA0E13EC6E0036313A /* FM7.cpp in Sources */,
			);
			runOnlyForDeploymentPostprocessing = 0;
		};
/* End PBXSourcesBuildPhase section */

/* Begin PBXTargetDependency section */
		53DA28E60E13EC310036313A /* PBXTargetDependency */ = {
			isa = PBXTargetDependency;
			target = F3FE07270B0D759000A29459 /* FM7 */;
			targetProxy = 53DA28E50E13EC310036313A /* PBXContainerItemProxy */;
		};
/* End PBXTargetDependency section */

/* Begin XCBuildConfiguration section */
		631417CD0A203392007B9355 /* Development */ = {
			isa = XCBuildConfiguration;
			buildSettings = {
				COPY_PHASE_STRIP = NO;
				GCC_DYNAMIC_NO_PIC = NO;
				GCC_ENABLE_FIX_AND_CONTINUE = YES;
				GCC_GENERATE_DEBUGGING_SYMBOLS = YES;
				GCC_OPTIMIZATION_LEVEL = 0;
				OPTIMIZATION_CFLAGS = "-O0 -faltivec";
				OTHER_CFLAGS = "";
				OTHER_LDFLAGS = "";
				OTHER_REZFLAGS = "";
				PRODUCT_NAME = "SC_Synth PlugIns";
				SECTORDER_FLAGS = "";
				WARNING_CFLAGS = (
					"-Wmost",
					"-Wno-four-char-constants",
					"-Wno-unknown-pragmas",
				);
				ZERO_LINK = YES;
			};
			name = Development;
		};
		631417CE0A203392007B9355 /* Deployment */ = {
			isa = XCBuildConfiguration;
			buildSettings = {
				COPY_PHASE_STRIP = YES;
				GCC_ENABLE_FIX_AND_CONTINUE = NO;
				OPTIMIZATION_CFLAGS = "-O3 -faltivec";
				OTHER_CFLAGS = "";
				OTHER_LDFLAGS = "";
				OTHER_REZFLAGS = "";
				PRODUCT_NAME = "SC_Synth PlugIns";
				SECTORDER_FLAGS = "";
				WARNING_CFLAGS = (
					"-Wmost",
					"-Wno-four-char-constants",
					"-Wno-unknown-pragmas",
				);
				ZERO_LINK = NO;
			};
			name = Deployment;
		};
		631417CF0A203392007B9355 /* Default */ = {
			isa = XCBuildConfiguration;
			buildSettings = {
				OTHER_CFLAGS = "";
				OTHER_LDFLAGS = "";
				OTHER_REZFLAGS = "";
				PRODUCT_NAME = "SC_Synth PlugIns";
				SECTORDER_FLAGS = "";
				WARNING_CFLAGS = (
					"-Wmost",
					"-Wno-four-char-constants",
					"-Wno-unknown-pragmas",
				);
			};
			name = Default;
		};
		88332413090ABD1F00A4A7E4 /* Development */ = {
			isa = XCBuildConfiguration;
			buildSettings = {
				ARCHS = (
					ppc,
					i386,
				);
				LIBRARY_SEARCH_PATHS = "";
				SDKROOT = /Developer/SDKs/MacOSX10.4u.sdk;
				USER_HEADER_SEARCH_PATHS = "/usr/local/include $SC_SOURCE_DIR/Headers/plugin_interface $SC_SOURCE_DIR/Headers/common $SC_SOURCE_DIR/Headers/server $SC_SOURCE_DIR/Source/plugins";
			};
			name = Development;
		};
		88332414090ABD1F00A4A7E4 /* Deployment */ = {
			isa = XCBuildConfiguration;
			buildSettings = {
				ARCHS = (
					ppc,
					i386,
				);
				LIBRARY_SEARCH_PATHS = "";
				SDKROOT = /Developer/SDKs/MacOSX10.4u.sdk;
				USER_HEADER_SEARCH_PATHS = "/usr/local/include $SC_SOURCE_DIR/Headers/plugin_interface $SC_SOURCE_DIR/Headers/common $SC_SOURCE_DIR/Headers/server $SC_SOURCE_DIR/Source/plugins";
			};
			name = Deployment;
		};
		88332415090ABD1F00A4A7E4 /* Default */ = {
			isa = XCBuildConfiguration;
			buildSettings = {
				ARCHS = (
					ppc,
					i386,
				);
				LIBRARY_SEARCH_PATHS = "";
				SDKROOT = /Developer/SDKs/MacOSX10.4u.sdk;
				USER_HEADER_SEARCH_PATHS = "/usr/local/include $SC_SOURCE_DIR/Headers/plugin_interface $SC_SOURCE_DIR/Headers/common $SC_SOURCE_DIR/Headers/server $SC_SOURCE_DIR/Source/plugins";
			};
			name = Default;
		};
		F3FE07330B0D759000A29459 /* Development */ = {
			isa = XCBuildConfiguration;
			buildSettings = {
				BUNDLE_LOADER = "$(BUNDLE_LOADER)";
				COPY_PHASE_STRIP = NO;
				DYLIB_COMPATIBILITY_VERSION = "";
				DYLIB_CURRENT_VERSION = "";
				EXECUTABLE_EXTENSION = scx;
				GCC_DYNAMIC_NO_PIC = NO;
				GCC_ENABLE_FIX_AND_CONTINUE = NO;
				GCC_GENERATE_DEBUGGING_SYMBOLS = YES;
				GCC_OPTIMIZATION_LEVEL = 0;
				GCC_PREPROCESSOR_DEFINITIONS = SC_DARWIN;
				GENERATE_MASTER_OBJECT_FILE = YES;
				LIBRARY_SEARCH_PATHS = "";
				LIBRARY_STYLE = BUNDLE;
				MACH_O_TYPE = mh_bundle;
				OTHER_CFLAGS = "";
				OTHER_LDFLAGS = "";
				OTHER_LIBTOOL_FLAGS = "";
				OTHER_REZFLAGS = "";
				PREBINDING = NO;
				PRODUCT_NAME = FM7;
				REZ_EXECUTABLE = YES;
				SECTORDER_FLAGS = "";
				WARNING_CFLAGS = (
					"-Wmost",
					"-Wno-four-char-constants",
					"-Wno-unknown-pragmas",
				);
				ZERO_LINK = NO;
			};
			name = Development;
		};
		F3FE07340B0D759000A29459 /* Deployment */ = {
			isa = XCBuildConfiguration;
			buildSettings = {
				BUNDLE_LOADER = "$(BUNDLE_LOADER)";
				COPY_PHASE_STRIP = YES;
				DYLIB_COMPATIBILITY_VERSION = "";
				DYLIB_CURRENT_VERSION = "";
				EXECUTABLE_EXTENSION = scx;
				GCC_ENABLE_FIX_AND_CONTINUE = NO;
				GCC_OPTIMIZATION_LEVEL = 3;
				GCC_PREPROCESSOR_DEFINITIONS = SC_DARWIN;
				GENERATE_MASTER_OBJECT_FILE = YES;
				LIBRARY_SEARCH_PATHS = "";
				LIBRARY_STYLE = BUNDLE;
				MACH_O_TYPE = mh_bundle;
				OTHER_CFLAGS = "";
				OTHER_LDFLAGS = "";
				OTHER_LIBTOOL_FLAGS = "";
				OTHER_REZFLAGS = "";
				PREBINDING = NO;
				PRODUCT_NAME = FM7;
				REZ_EXECUTABLE = YES;
				SECTORDER_FLAGS = "";
				WARNING_CFLAGS = (
					"-Wmost",
					"-Wno-four-char-constants",
					"-Wno-unknown-pragmas",
				);
				ZERO_LINK = NO;
			};
			name = Deployment;
		};
		F3FE07350B0D759000A29459 /* Default */ = {
			isa = XCBuildConfiguration;
			buildSettings = {
				BUNDLE_LOADER = "$(BUNDLE_LOADER)";
				DYLIB_COMPATIBILITY_VERSION = "";
				DYLIB_CURRENT_VERSION = "";
				EXECUTABLE_EXTENSION = scx;
				GCC_ENABLE_FIX_AND_CONTINUE = NO;
				GCC_OPTIMIZATION_LEVEL = 3;
				GCC_PREPROCESSOR_DEFINITIONS = SC_DARWIN;
				GENERATE_MASTER_OBJECT_FILE = YES;
				LIBRARY_SEARCH_PATHS = "";
				LIBRARY_STYLE = BUNDLE;
				MACH_O_TYPE = mh_bundle;
				OTHER_CFLAGS = "";
				OTHER_LDFLAGS = "";
				OTHER_LIBTOOL_FLAGS = "";
				OTHER_REZFLAGS = "";
				PREBINDING = NO;
				PRODUCT_NAME = FM7;
				REZ_EXECUTABLE = YES;
				SECTORDER_FLAGS = "";
				WARNING_CFLAGS = (
					"-Wmost",
					"-Wno-four-char-constants",
					"-Wno-unknown-pragmas",
				);
				ZERO_LINK = NO;
			};
			name = Default;
		};
/* End XCBuildConfiguration section */

/* Begin XCConfigurationList section */
		631417CC0A203392007B9355 /* Build configuration list for PBXAggregateTarget "All" */ = {
			isa = XCConfigurationList;
			buildConfigurations = (
				631417CD0A203392007B9355 /* Development */,
				631417CE0A203392007B9355 /* Deployment */,
				631417CF0A203392007B9355 /* Default */,
			);
			defaultConfigurationIsVisible = 0;
			defaultConfigurationName = Default;
		};
		88332412090ABD1F00A4A7E4 /* Build configuration list for PBXProject "skUG" */ = {
			isa = XCConfigurationList;
			buildConfigurations = (
				88332413090ABD1F00A4A7E4 /* Development */,
				88332414090ABD1F00A4A7E4 /* Deployment */,
				88332415090ABD1F00A4A7E4 /* Default */,
			);
			defaultConfigurationIsVisible = 0;
			defaultConfigurationName = Default;
		};
		F3FE07320B0D759000A29459 /* Build configuration list for PBXNativeTarget "FM7" */ = {
			isa = XCConfigurationList;
			buildConfigurations = (
				F3FE07330B0D759000A29459 /* Development */,
				F3FE07340B0D759000A29459 /* Deployment */,
				F3FE07350B0D759000A29459 /* Default */,
			);
			defaultConfigurationIsVisible = 0;
			defaultConfigurationName = Default;
		};
/* End XCConfigurationList section */
	};
	rootObject = F50D04F702E68E8201CA2799 /* Project object */;
}
